{
  "lockfile_version": "1",
  "packages": {
    "biome@latest": {
      "last_modified": "2025-08-08T11:17:04Z",
      "resolved": "github:NixOS/nixpkgs/b069b7c1e2fe1a3a24221428558bf44128d3d5c8#biome",
      "source": "devbox-search",
      "version": "2.1.4",
      "systems": {
        "aarch64-darwin": {
          "outputs": [
            {
              "name": "out",
              "path": "/nix/store/miqn77gakmq2gz2s7vijlf3lidgs0xkl-biome-2.1.4",
              "default": true
            }
          ],
          "store_path": "/nix/store/miqn77gakmq2gz2s7vijlf3lidgs0xkl-biome-2.1.4"
        },
        "aarch64-linux": {
          "outputs": [
            {
              "name": "out",
              "path": "/nix/store/70wpw95g04ns5ghb3bgvrik1j8204czi-biome-2.1.4",
              "default": true
            }
          ],
          "store_path": "/nix/store/70wpw95g04ns5ghb3bgvrik1j8204czi-biome-2.1.4"
        },
        "x86_64-darwin": {
          "outputs": [
            {
              "name": "out",
              "path": "/nix/store/rxf2z3m4nxlwxb1lns2k2q3lh63izkaw-biome-2.1.4",
              "default": true
            }
          ],
          "store_path": "/nix/store/rxf2z3m4nxlwxb1lns2k2q3lh63izkaw-biome-2.1.4"
        },
        "x86_64-linux": {
          "outputs": [
            {
              "name": "out",
              "path": "/nix/store/jm4r8cv2hzjm75pjrvizx2a125x93qvk-biome-2.1.4",
              "default": true
            }
          ],
          "store_path": "/nix/store/jm4r8cv2hzjm75pjrvizx2a125x93qvk-biome-2.1.4"
        }
      }
    },
    "bun@latest": {
      "last_modified": "2025-07-28T17:09:23Z",
      "resolved": "github:NixOS/nixpkgs/648f70160c03151bc2121d179291337ad6bc564b#bun",
      "source": "devbox-search",
      "version": "1.2.19",
      "systems": {
        "aarch64-darwin": {
          "outputs": [
            {
              "name": "out",
              "path": "/nix/store/l08n46gh7klp2k7nyvmnx79f8p4hysfn-bun-1.2.19",
              "default": true
            }
          ],
          "store_path": "/nix/store/l08n46gh7klp2k7nyvmnx79f8p4hysfn-bun-1.2.19"
        },
        "aarch64-linux": {
          "outputs": [
            {
              "name": "out",
              "path": "/nix/store/z8g8qnq77kiam9p28i0mgz1c593p20zj-bun-1.2.19",
              "default": true
            }
          ],
          "store_path": "/nix/store/z8g8qnq77kiam9p28i0mgz1c593p20zj-bun-1.2.19"
        },
        "x86_64-darwin": {
          "outputs": [
            {
              "name": "out",
              "path": "/nix/store/xqb8kv7x7jvw20568vprcbc0vvwwrr1w-bun-1.2.19",
              "default": true
            }
          ],
          "store_path": "/nix/store/xqb8kv7x7jvw20568vprcbc0vvwwrr1w-bun-1.2.19"
        },
        "x86_64-linux": {
          "outputs": [
            {
              "name": "out",
              "path": "/nix/store/vhsmlg6lmlgydrmjgqnn7zx524cn3q2x-bun-1.2.19",
              "default": true
            }
          ],
          "store_path": "/nix/store/vhsmlg6lmlgydrmjgqnn7zx524cn3q2x-bun-1.2.19"
        }
      }
    },
    "github:NixOS/nixpkgs/nixpkgs-unstable": {
      "last_modified": "2025-08-02T08:13:18Z",
      "resolved": "github:NixOS/nixpkgs/c02d05bcf73fb496c604798c2268ed424a09e73e?lastModified=1754122398"
    },
    "nodejs@latest": {
      "last_modified": "2025-08-11T07:05:29Z",
      "plugin_version": "0.0.2",
      "resolved": "github:NixOS/nixpkgs/9585e9192aadc13ec3e49f33f8333bd3cda524df#nodejs_24",
      "source": "devbox-search",
      "version": "24.5.0",
      "systems": {
        "aarch64-darwin": {
          "outputs": [
            {
              "name": "out",
              "path": "/nix/store/b1j05q96hwagn787p2jlgqcjg2nf5x49-nodejs-24.5.0",
              "default": true
            },
            {
              "name": "dev",
              "path": "/nix/store/j6ayg4xpqy9xdxgrhpqylzq8v7v07c6r-nodejs-24.5.0-dev"
            },
            {
              "name": "libv8",
              "path": "/nix/store/3ys6v5s5gvd9snwnl4saynl6av7mz3vy-nodejs-24.5.0-libv8"
            }
          ],
          "store_path": "/nix/store/b1j05q96hwagn787p2jlgqcjg2nf5x49-nodejs-24.5.0"
        },
        "aarch64-linux": {
          "outputs": [
            {
              "name": "out",
              "path": "/nix/store/1kn0vh4gf3a22arldrw694apq3fhgp15-nodejs-24.5.0",
              "default": true
            },
            {
              "name": "dev",
              "path": "/nix/store/i3lqaj3j6znhnzh8ayka6q85r81ppxnw-nodejs-24.5.0-dev"
            },
            {
              "name": "libv8",
              "path": "/nix/store/jjw6xgmg6qynp336g9igqnzlfbhzxr2i-nodejs-24.5.0-libv8"
            }
          ],
          "store_path": "/nix/store/1kn0vh4gf3a22arldrw694apq3fhgp15-nodejs-24.5.0"
        },
        "x86_64-darwin": {
          "outputs": [
            {
              "name": "out",
              "path": "/nix/store/sbcg21wp4bdzyh2542v77sp535kvfbfq-nodejs-24.5.0",
              "default": true
            },
            {
              "name": "libv8",
              "path": "/nix/store/75b7iix0pbmxmfnmv90l3q0ll1gc75az-nodejs-24.5.0-libv8"
            },
            {
              "name": "dev",
              "path": "/nix/store/fg7pi9s6m0spci1pfqbny0kxmk832i3r-nodejs-24.5.0-dev"
            }
          ],
          "store_path": "/nix/store/sbcg21wp4bdzyh2542v77sp535kvfbfq-nodejs-24.5.0"
        },
        "x86_64-linux": {
          "outputs": [
            {
              "name": "out",
              "path": "/nix/store/357id3rjy9417k4dkvxxmpgd9bxrwc7l-nodejs-24.5.0",
              "default": true
            },
            {
              "name": "dev",
              "path": "/nix/store/0drh8jjq84sji6889l2k3ysmvy7sc9sg-nodejs-24.5.0-dev"
            },
            {
              "name": "libv8",
              "path": "/nix/store/kdlv4q7sgap0z43cylklhxz1g1q7751b-nodejs-24.5.0-libv8"
            }
          ],
          "store_path": "/nix/store/357id3rjy9417k4dkvxxmpgd9bxrwc7l-nodejs-24.5.0"
        }
      }
    },
    "npm-check-updates@latest": {
      "last_modified": "2025-07-28T17:09:23Z",
      "resolved": "github:NixOS/nixpkgs/648f70160c03151bc2121d179291337ad6bc564b#npm-check-updates",
      "source": "devbox-search",
      "version": "18.0.2",
      "systems": {
        "aarch64-darwin": {
          "outputs": [
            {
              "name": "out",
              "path": "/nix/store/4kh9fkp0dfm0d8lysv30mc0czcanqbsf-npm-check-updates-18.0.2",
              "default": true
            }
          ],
          "store_path": "/nix/store/4kh9fkp0dfm0d8lysv30mc0czcanqbsf-npm-check-updates-18.0.2"
        },
        "aarch64-linux": {
          "outputs": [
            {
              "name": "out",
              "path": "/nix/store/wh4rb98ydpijvzfb52hi66fp4b9jhvvg-npm-check-updates-18.0.2",
              "default": true
            }
          ],
          "store_path": "/nix/store/wh4rb98ydpijvzfb52hi66fp4b9jhvvg-npm-check-updates-18.0.2"
        },
        "x86_64-darwin": {
          "outputs": [
            {
              "name": "out",
              "path": "/nix/store/63alzbkiincmc4jlgxwcixgbl18gnr40-npm-check-updates-18.0.2",
              "default": true
            }
          ],
          "store_path": "/nix/store/63alzbkiincmc4jlgxwcixgbl18gnr40-npm-check-updates-18.0.2"
        },
        "x86_64-linux": {
          "outputs": [
            {
              "name": "out",
              "path": "/nix/store/rwwl65xs0nk5paybbajnzzhii9xkndnx-npm-check-updates-18.0.2",
              "default": true
            }
          ],
          "store_path": "/nix/store/rwwl65xs0nk5paybbajnzzhii9xkndnx-npm-check-updates-18.0.2"
        }
      }
    }
  }
}
